// !$*UTF8*$!
{
	archiveVersion = 1;
	classes = {
	};
	objectVersion = 56;
	objects = {

/* Begin PBXBuildFile section */
		5405B855299ED5A500B3A4F1 /* API Models.swift in Sources */ = {isa = PBXBuildFile; fileRef = 5405B854299ED5A500B3A4F1 /* API Models.swift */; };
		5405B857299ED8E500B3A4F1 /* StudyRowItemView.swift in Sources */ = {isa = PBXBuildFile; fileRef = 5405B856299ED8E500B3A4F1 /* StudyRowItemView.swift */; };
		5405B859299EDBCB00B3A4F1 /* SearchView.swift in Sources */ = {isa = PBXBuildFile; fileRef = 5405B858299EDBCB00B3A4F1 /* SearchView.swift */; };
		5405B85D299EE52400B3A4F1 /* HomeView.swift in Sources */ = {isa = PBXBuildFile; fileRef = 5405B85C299EE52400B3A4F1 /* HomeView.swift */; };
		5405B85F299EE76D00B3A4F1 /* SettingsView.swift in Sources */ = {isa = PBXBuildFile; fileRef = 5405B85E299EE76D00B3A4F1 /* SettingsView.swift */; };
		5405B861299EE86E00B3A4F1 /* SavedStudiesView.swift in Sources */ = {isa = PBXBuildFile; fileRef = 5405B860299EE86E00B3A4F1 /* SavedStudiesView.swift */; };
		5405B863299EE8E300B3A4F1 /* SearchResultsView.swift in Sources */ = {isa = PBXBuildFile; fileRef = 5405B862299EE8E300B3A4F1 /* SearchResultsView.swift */; };
		543A3C52299ECD22000CFAF6 /* TrialrAppApp.swift in Sources */ = {isa = PBXBuildFile; fileRef = 543A3C51299ECD22000CFAF6 /* TrialrAppApp.swift */; };
		543A3C54299ECD22000CFAF6 /* ContentView.swift in Sources */ = {isa = PBXBuildFile; fileRef = 543A3C53299ECD22000CFAF6 /* ContentView.swift */; };
		543A3C56299ECD23000CFAF6 /* Assets.xcassets in Resources */ = {isa = PBXBuildFile; fileRef = 543A3C55299ECD23000CFAF6 /* Assets.xcassets */; };
		543A3C59299ECD23000CFAF6 /* Preview Assets.xcassets in Resources */ = {isa = PBXBuildFile; fileRef = 543A3C58299ECD23000CFAF6 /* Preview Assets.xcassets */; };
		548EE148299EEFEE0029A3EB /* MenuButtonView.swift in Sources */ = {isa = PBXBuildFile; fileRef = 548EE147299EEFEE0029A3EB /* MenuButtonView.swift */; };
		548EE14A299F0D3F0029A3EB /* AnimatedGradients.swift in Sources */ = {isa = PBXBuildFile; fileRef = 548EE149299F0D3F0029A3EB /* AnimatedGradients.swift */; };
		548EE14C299F0D4C0029A3EB /* AuroraBackground.swift in Sources */ = {isa = PBXBuildFile; fileRef = 548EE14B299F0D4C0029A3EB /* AuroraBackground.swift */; };
		54FEFCAD29A20D130079E46E /* StudyDetailsView.swift in Sources */ = {isa = PBXBuildFile; fileRef = 54FEFCAC29A20D130079E46E /* StudyDetailsView.swift */; };
		54FEFCAF29A213B60079E46E /* ShareView.swift in Sources */ = {isa = PBXBuildFile; fileRef = 54FEFCAE29A213B60079E46E /* ShareView.swift */; };
/* End PBXBuildFile section */

/* Begin PBXFileReference section */
		5405B854299ED5A500B3A4F1 /* API Models.swift */ = {isa = PBXFileReference; lastKnownFileType = sourcecode.swift; path = "API Models.swift"; sourceTree = "<group>"; };
		5405B856299ED8E500B3A4F1 /* StudyRowItemView.swift */ = {isa = PBXFileReference; lastKnownFileType = sourcecode.swift; path = StudyRowItemView.swift; sourceTree = "<group>"; };
		5405B858299EDBCB00B3A4F1 /* SearchView.swift */ = {isa = PBXFileReference; lastKnownFileType = sourcecode.swift; path = SearchView.swift; sourceTree = "<group>"; };
		5405B85C299EE52400B3A4F1 /* HomeView.swift */ = {isa = PBXFileReference; lastKnownFileType = sourcecode.swift; path = HomeView.swift; sourceTree = "<group>"; };
		5405B85E299EE76D00B3A4F1 /* SettingsView.swift */ = {isa = PBXFileReference; lastKnownFileType = sourcecode.swift; path = SettingsView.swift; sourceTree = "<group>"; };
		5405B860299EE86E00B3A4F1 /* SavedStudiesView.swift */ = {isa = PBXFileReference; lastKnownFileType = sourcecode.swift; path = SavedStudiesView.swift; sourceTree = "<group>"; };
		5405B862299EE8E300B3A4F1 /* SearchResultsView.swift */ = {isa = PBXFileReference; lastKnownFileType = sourcecode.swift; path = SearchResultsView.swift; sourceTree = "<group>"; };
		543A3C4E299ECD22000CFAF6 /* TrialrApp.app */ = {isa = PBXFileReference; explicitFileType = wrapper.application; includeInIndex = 0; path = TrialrApp.app; sourceTree = BUILT_PRODUCTS_DIR; };
		543A3C51299ECD22000CFAF6 /* TrialrAppApp.swift */ = {isa = PBXFileReference; lastKnownFileType = sourcecode.swift; path = TrialrAppApp.swift; sourceTree = "<group>"; };
		543A3C53299ECD22000CFAF6 /* ContentView.swift */ = {isa = PBXFileReference; lastKnownFileType = sourcecode.swift; path = ContentView.swift; sourceTree = "<group>"; };
		543A3C55299ECD23000CFAF6 /* Assets.xcassets */ = {isa = PBXFileReference; lastKnownFileType = folder.assetcatalog; path = Assets.xcassets; sourceTree = "<group>"; };
		543A3C58299ECD23000CFAF6 /* Preview Assets.xcassets */ = {isa = PBXFileReference; lastKnownFileType = folder.assetcatalog; path = "Preview Assets.xcassets"; sourceTree = "<group>"; };
		548EE147299EEFEE0029A3EB /* MenuButtonView.swift */ = {isa = PBXFileReference; lastKnownFileType = sourcecode.swift; path = MenuButtonView.swift; sourceTree = "<group>"; };
		548EE149299F0D3F0029A3EB /* AnimatedGradients.swift */ = {isa = PBXFileReference; lastKnownFileType = sourcecode.swift; path = AnimatedGradients.swift; sourceTree = "<group>"; };
		548EE14B299F0D4C0029A3EB /* AuroraBackground.swift */ = {isa = PBXFileReference; lastKnownFileType = sourcecode.swift; path = AuroraBackground.swift; sourceTree = "<group>"; };
		54FEFCAC29A20D130079E46E /* StudyDetailsView.swift */ = {isa = PBXFileReference; lastKnownFileType = sourcecode.swift; path = StudyDetailsView.swift; sourceTree = "<group>"; };
		54FEFCAE29A213B60079E46E /* ShareView.swift */ = {isa = PBXFileReference; lastKnownFileType = sourcecode.swift; path = ShareView.swift; sourceTree = "<group>"; };
/* End PBXFileReference section */

/* Begin PBXFrameworksBuildPhase section */
		543A3C4B299ECD22000CFAF6 /* Frameworks */ = {
			isa = PBXFrameworksBuildPhase;
			buildActionMask = 2147483647;
			files = (
			);
			runOnlyForDeploymentPostprocessing = 0;
		};
/* End PBXFrameworksBuildPhase section */

/* Begin PBXGroup section */
		5405B864299EE93B00B3A4F1 /* Views */ = {
			isa = PBXGroup;
			children = (
				548EE150299F0DF70029A3EB /* Auxiliary */,
				548EE14F299F0DE00029A3EB /* Main Screens */,
				548EE14E299F0DD20029A3EB /* Menu */,
				548EE14D299F0DBD0029A3EB /* UI */,
			);
			path = Views;
			sourceTree = "<group>";
		};
		5405B865299EE94300B3A4F1 /* Models */ = {
			isa = PBXGroup;
			children = (
				5405B854299ED5A500B3A4F1 /* API Models.swift */,
			);
			path = Models;
			sourceTree = "<group>";
		};
		543A3C45299ECD22000CFAF6 = {
			isa = PBXGroup;
			children = (
				54FEFCAE29A213B60079E46E /* ShareView.swift */,
				543A3C50299ECD22000CFAF6 /* TrialrApp */,
				543A3C4F299ECD22000CFAF6 /* Products */,
			);
			sourceTree = "<group>";
		};
		543A3C4F299ECD22000CFAF6 /* Products */ = {
			isa = PBXGroup;
			children = (
				543A3C4E299ECD22000CFAF6 /* TrialrApp.app */,
			);
			name = Products;
			sourceTree = "<group>";
		};
		543A3C50299ECD22000CFAF6 /* TrialrApp */ = {
			isa = PBXGroup;
			children = (
				543A3C51299ECD22000CFAF6 /* TrialrAppApp.swift */,
				5405B865299EE94300B3A4F1 /* Models */,
				5405B864299EE93B00B3A4F1 /* Views */,
				543A3C55299ECD23000CFAF6 /* Assets.xcassets */,
				543A3C57299ECD23000CFAF6 /* Preview Content */,
			);
			path = TrialrApp;
			sourceTree = "<group>";
		};
		543A3C57299ECD23000CFAF6 /* Preview Content */ = {
			isa = PBXGroup;
			children = (
				543A3C58299ECD23000CFAF6 /* Preview Assets.xcassets */,
			);
			path = "Preview Content";
			sourceTree = "<group>";
		};
		548EE14D299F0DBD0029A3EB /* UI */ = {
			isa = PBXGroup;
			children = (
				548EE149299F0D3F0029A3EB /* AnimatedGradients.swift */,
				548EE14B299F0D4C0029A3EB /* AuroraBackground.swift */,
			);
			path = UI;
			sourceTree = "<group>";
		};
		548EE14E299F0DD20029A3EB /* Menu */ = {
			isa = PBXGroup;
			children = (
				548EE147299EEFEE0029A3EB /* MenuButtonView.swift */,
			);
			path = Menu;
			sourceTree = "<group>";
		};
		548EE14F299F0DE00029A3EB /* Main Screens */ = {
			isa = PBXGroup;
			children = (
				5405B856299ED8E500B3A4F1 /* StudyRowItemView.swift */,
				5405B860299EE86E00B3A4F1 /* SavedStudiesView.swift */,
				5405B862299EE8E300B3A4F1 /* SearchResultsView.swift */,
				5405B858299EDBCB00B3A4F1 /* SearchView.swift */,
				54FEFCAC29A20D130079E46E /* StudyDetailsView.swift */,
				5405B85E299EE76D00B3A4F1 /* SettingsView.swift */,
				5405B85C299EE52400B3A4F1 /* HomeView.swift */,
			);
			path = "Main Screens";
			sourceTree = "<group>";
		};
		548EE150299F0DF70029A3EB /* Auxiliary */ = {
			isa = PBXGroup;
			children = (
				543A3C53299ECD22000CFAF6 /* ContentView.swift */,
			);
			path = Auxiliary;
			sourceTree = "<group>";
		};
/* End PBXGroup section */

/* Begin PBXNativeTarget section */
		543A3C4D299ECD22000CFAF6 /* TrialrApp */ = {
			isa = PBXNativeTarget;
			buildConfigurationList = 543A3C5C299ECD23000CFAF6 /* Build configuration list for PBXNativeTarget "TrialrApp" */;
			buildPhases = (
				543A3C4A299ECD22000CFAF6 /* Sources */,
				543A3C4B299ECD22000CFAF6 /* Frameworks */,
				543A3C4C299ECD22000CFAF6 /* Resources */,
			);
			buildRules = (
			);
			dependencies = (
			);
			name = TrialrApp;
			productName = TrialrApp;
			productReference = 543A3C4E299ECD22000CFAF6 /* TrialrApp.app */;
			productType = "com.apple.product-type.application";
		};
/* End PBXNativeTarget section */

/* Begin PBXProject section */
		543A3C46299ECD22000CFAF6 /* Project object */ = {
			isa = PBXProject;
			attributes = {
				BuildIndependentTargetsInParallel = 1;
				LastSwiftUpdateCheck = 1420;
				LastUpgradeCheck = 1420;
				TargetAttributes = {
					543A3C4D299ECD22000CFAF6 = {
						CreatedOnToolsVersion = 14.2;
					};
				};
			};
			buildConfigurationList = 543A3C49299ECD22000CFAF6 /* Build configuration list for PBXProject "TrialrApp" */;
			compatibilityVersion = "Xcode 14.0";
			developmentRegion = en;
			hasScannedForEncodings = 0;
			knownRegions = (
				en,
				Base,
			);
			mainGroup = 543A3C45299ECD22000CFAF6;
			productRefGroup = 543A3C4F299ECD22000CFAF6 /* Products */;
			projectDirPath = "";
			projectRoot = "";
			targets = (
				543A3C4D299ECD22000CFAF6 /* TrialrApp */,
			);
		};
/* End PBXProject section */

/* Begin PBXResourcesBuildPhase section */
		543A3C4C299ECD22000CFAF6 /* Resources */ = {
			isa = PBXResourcesBuildPhase;
			buildActionMask = 2147483647;
			files = (
				543A3C59299ECD23000CFAF6 /* Preview Assets.xcassets in Resources */,
				543A3C56299ECD23000CFAF6 /* Assets.xcassets in Resources */,
			);
			runOnlyForDeploymentPostprocessing = 0;
		};
/* End PBXResourcesBuildPhase section */

/* Begin PBXSourcesBuildPhase section */
		543A3C4A299ECD22000CFAF6 /* Sources */ = {
			isa = PBXSourcesBuildPhase;
			buildActionMask = 2147483647;
			files = (
				5405B861299EE86E00B3A4F1 /* SavedStudiesView.swift in Sources */,
				5405B863299EE8E300B3A4F1 /* SearchResultsView.swift in Sources */,
				548EE14A299F0D3F0029A3EB /* AnimatedGradients.swift in Sources */,
				548EE14C299F0D4C0029A3EB /* AuroraBackground.swift in Sources */,
				5405B85F299EE76D00B3A4F1 /* SettingsView.swift in Sources */,
				54FEFCAD29A20D130079E46E /* StudyDetailsView.swift in Sources */,
				548EE148299EEFEE0029A3EB /* MenuButtonView.swift in Sources */,
				5405B859299EDBCB00B3A4F1 /* SearchView.swift in Sources */,
				5405B857299ED8E500B3A4F1 /* StudyRowItemView.swift in Sources */,
				5405B855299ED5A500B3A4F1 /* API Models.swift in Sources */,
				54FEFCAF29A213B60079E46E /* ShareView.swift in Sources */,
				5405B85D299EE52400B3A4F1 /* HomeView.swift in Sources */,
				543A3C54299ECD22000CFAF6 /* ContentView.swift in Sources */,
				543A3C52299ECD22000CFAF6 /* TrialrAppApp.swift in Sources */,
			);
			runOnlyForDeploymentPostprocessing = 0;
		};
/* End PBXSourcesBuildPhase section */

/* Begin XCBuildConfiguration section */
		543A3C5A299ECD23000CFAF6 /* Debug */ = {
			isa = XCBuildConfiguration;
			buildSettings = {
				ALWAYS_SEARCH_USER_PATHS = NO;
				CLANG_ANALYZER_NONNULL = YES;
				CLANG_ANALYZER_NUMBER_OBJECT_CONVERSION = YES_AGGRESSIVE;
				CLANG_CXX_LANGUAGE_STANDARD = "gnu++20";
				CLANG_ENABLE_MODULES = YES;
				CLANG_ENABLE_OBJC_ARC = YES;
				CLANG_ENABLE_OBJC_WEAK = YES;
				CLANG_WARN_BLOCK_CAPTURE_AUTORELEASING = YES;
				CLANG_WARN_BOOL_CONVERSION = YES;
				CLANG_WARN_COMMA = YES;
				CLANG_WARN_CONSTANT_CONVERSION = YES;
				CLANG_WARN_DEPRECATED_OBJC_IMPLEMENTATIONS = YES;
				CLANG_WARN_DIRECT_OBJC_ISA_USAGE = YES_ERROR;
				CLANG_WARN_DOCUMENTATION_COMMENTS = YES;
				CLANG_WARN_EMPTY_BODY = YES;
				CLANG_WARN_ENUM_CONVERSION = YES;
				CLANG_WARN_INFINITE_RECURSION = YES;
				CLANG_WARN_INT_CONVERSION = YES;
				CLANG_WARN_NON_LITERAL_NULL_CONVERSION = YES;
				CLANG_WARN_OBJC_IMPLICIT_RETAIN_SELF = YES;
				CLANG_WARN_OBJC_LITERAL_CONVERSION = YES;
				CLANG_WARN_OBJC_ROOT_CLASS = YES_ERROR;
				CLANG_WARN_QUOTED_INCLUDE_IN_FRAMEWORK_HEADER = YES;
				CLANG_WARN_RANGE_LOOP_ANALYSIS = YES;
				CLANG_WARN_STRICT_PROTOTYPES = YES;
				CLANG_WARN_SUSPICIOUS_MOVE = YES;
				CLANG_WARN_UNGUARDED_AVAILABILITY = YES_AGGRESSIVE;
				CLANG_WARN_UNREACHABLE_CODE = YES;
				CLANG_WARN__DUPLICATE_METHOD_MATCH = YES;
				COPY_PHASE_STRIP = NO;
				DEBUG_INFORMATION_FORMAT = dwarf;
				ENABLE_STRICT_OBJC_MSGSEND = YES;
				ENABLE_TESTABILITY = YES;
				GCC_C_LANGUAGE_STANDARD = gnu11;
				GCC_DYNAMIC_NO_PIC = NO;
				GCC_NO_COMMON_BLOCKS = YES;
				GCC_OPTIMIZATION_LEVEL = 0;
				GCC_PREPROCESSOR_DEFINITIONS = (
					"DEBUG=1",
					"$(inherited)",
				);
				GCC_WARN_64_TO_32_BIT_CONVERSION = YES;
				GCC_WARN_ABOUT_RETURN_TYPE = YES_ERROR;
				GCC_WARN_UNDECLARED_SELECTOR = YES;
				GCC_WARN_UNINITIALIZED_AUTOS = YES_AGGRESSIVE;
				GCC_WARN_UNUSED_FUNCTION = YES;
				GCC_WARN_UNUSED_VARIABLE = YES;
				IPHONEOS_DEPLOYMENT_TARGET = 16.2;
				MTL_ENABLE_DEBUG_INFO = INCLUDE_SOURCE;
				MTL_FAST_MATH = YES;
				ONLY_ACTIVE_ARCH = YES;
				SDKROOT = iphoneos;
				SWIFT_ACTIVE_COMPILATION_CONDITIONS = DEBUG;
				SWIFT_OPTIMIZATION_LEVEL = "-Onone";
			};
			name = Debug;
		};
		543A3C5B299ECD23000CFAF6 /* Release */ = {
			isa = XCBuildConfiguration;
			buildSettings = {
				ALWAYS_SEARCH_USER_PATHS = NO;
				CLANG_ANALYZER_NONNULL = YES;
				CLANG_ANALYZER_NUMBER_OBJECT_CONVERSION = YES_AGGRESSIVE;
				CLANG_CXX_LANGUAGE_STANDARD = "gnu++20";
				CLANG_ENABLE_MODULES = YES;
				CLANG_ENABLE_OBJC_ARC = YES;
				CLANG_ENABLE_OBJC_WEAK = YES;
				CLANG_WARN_BLOCK_CAPTURE_AUTORELEASING = YES;
				CLANG_WARN_BOOL_CONVERSION = YES;
				CLANG_WARN_COMMA = YES;
				CLANG_WARN_CONSTANT_CONVERSION = YES;
				CLANG_WARN_DEPRECATED_OBJC_IMPLEMENTATIONS = YES;
				CLANG_WARN_DIRECT_OBJC_ISA_USAGE = YES_ERROR;
				CLANG_WARN_DOCUMENTATION_COMMENTS = YES;
				CLANG_WARN_EMPTY_BODY = YES;
				CLANG_WARN_ENUM_CONVERSION = YES;
				CLANG_WARN_INFINITE_RECURSION = YES;
				CLANG_WARN_INT_CONVERSION = YES;
				CLANG_WARN_NON_LITERAL_NULL_CONVERSION = YES;
				CLANG_WARN_OBJC_IMPLICIT_RETAIN_SELF = YES;
				CLANG_WARN_OBJC_LITERAL_CONVERSION = YES;
				CLANG_WARN_OBJC_ROOT_CLASS = YES_ERROR;
				CLANG_WARN_QUOTED_INCLUDE_IN_FRAMEWORK_HEADER = YES;
				CLANG_WARN_RANGE_LOOP_ANALYSIS = YES;
				CLANG_WARN_STRICT_PROTOTYPES = YES;
				CLANG_WARN_SUSPICIOUS_MOVE = YES;
				CLANG_WARN_UNGUARDED_AVAILABILITY = YES_AGGRESSIVE;
				CLANG_WARN_UNREACHABLE_CODE = YES;
				CLANG_WARN__DUPLICATE_METHOD_MATCH = YES;
				COPY_PHASE_STRIP = NO;
				DEBUG_INFORMATION_FORMAT = "dwarf-with-dsym";
				ENABLE_NS_ASSERTIONS = NO;
				ENABLE_STRICT_OBJC_MSGSEND = YES;
				GCC_C_LANGUAGE_STANDARD = gnu11;
				GCC_NO_COMMON_BLOCKS = YES;
				GCC_WARN_64_TO_32_BIT_CONVERSION = YES;
				GCC_WARN_ABOUT_RETURN_TYPE = YES_ERROR;
				GCC_WARN_UNDECLARED_SELECTOR = YES;
				GCC_WARN_UNINITIALIZED_AUTOS = YES_AGGRESSIVE;
				GCC_WARN_UNUSED_FUNCTION = YES;
				GCC_WARN_UNUSED_VARIABLE = YES;
				IPHONEOS_DEPLOYMENT_TARGET = 16.2;
				MTL_ENABLE_DEBUG_INFO = NO;
				MTL_FAST_MATH = YES;
				SDKROOT = iphoneos;
				SWIFT_COMPILATION_MODE = wholemodule;
				SWIFT_OPTIMIZATION_LEVEL = "-O";
				VALIDATE_PRODUCT = YES;
			};
			name = Release;
		};
		543A3C5D299ECD23000CFAF6 /* Debug */ = {
			isa = XCBuildConfiguration;
			buildSettings = {
				ASSETCATALOG_COMPILER_APPICON_NAME = AppIcon;
				ASSETCATALOG_COMPILER_GLOBAL_ACCENT_COLOR_NAME = AccentColor;
				CODE_SIGN_STYLE = Automatic;
				CURRENT_PROJECT_VERSION = 1;
				DEVELOPMENT_ASSET_PATHS = "\"TrialrApp/Preview Content\"";
				DEVELOPMENT_TEAM = BRJ8Q7JWBR;
				ENABLE_PREVIEWS = YES;
				GENERATE_INFOPLIST_FILE = YES;
				INFOPLIST_KEY_UIApplicationSceneManifest_Generation = YES;
				INFOPLIST_KEY_UIApplicationSupportsIndirectInputEvents = YES;
				INFOPLIST_KEY_UILaunchScreen_Generation = YES;
				INFOPLIST_KEY_UISupportedInterfaceOrientations_iPad = "UIInterfaceOrientationPortrait UIInterfaceOrientationPortraitUpsideDown UIInterfaceOrientationLandscapeLeft UIInterfaceOrientationLandscapeRight";
				INFOPLIST_KEY_UISupportedInterfaceOrientations_iPhone = "UIInterfaceOrientationPortrait UIInterfaceOrientationLandscapeLeft UIInterfaceOrientationLandscapeRight";
				LD_RUNPATH_SEARCH_PATHS = (
					"$(inherited)",
					"@executable_path/Frameworks",
				);
				MARKETING_VERSION = 1.0;
				PRODUCT_BUNDLE_IDENTIFIER = com.ocean.TrialrApp;
				PRODUCT_NAME = "$(TARGET_NAME)";
				SWIFT_EMIT_LOC_STRINGS = YES;
				SWIFT_VERSION = 5.0;
				TARGETED_DEVICE_FAMILY = "1,2";
			};
			name = Debug;
		};
		543A3C5E299ECD23000CFAF6 /* Release */ = {
			isa = XCBuildConfiguration;
			buildSettings = {
				ASSETCATALOG_COMPILER_APPICON_NAME = AppIcon;
				ASSETCATALOG_COMPILER_GLOBAL_ACCENT_COLOR_NAME = AccentColor;
				CODE_SIGN_STYLE = Automatic;
				CURRENT_PROJECT_VERSION = 1;
				DEVELOPMENT_ASSET_PATHS = "\"TrialrApp/Preview Content\"";
				DEVELOPMENT_TEAM = BRJ8Q7JWBR;
				ENABLE_PREVIEWS = YES;
				GENERATE_INFOPLIST_FILE = YES;
				INFOPLIST_KEY_UIApplicationSceneManifest_Generation = YES;
				INFOPLIST_KEY_UIApplicationSupportsIndirectInputEvents = YES;
				INFOPLIST_KEY_UILaunchScreen_Generation = YES;
				INFOPLIST_KEY_UISupportedInterfaceOrientations_iPad = "UIInterfaceOrientationPortrait UIInterfaceOrientationPortraitUpsideDown UIInterfaceOrientationLandscapeLeft UIInterfaceOrientationLandscapeRight";
				INFOPLIST_KEY_UISupportedInterfaceOrientations_iPhone = "UIInterfaceOrientationPortrait UIInterfaceOrientationLandscapeLeft UIInterfaceOrientationLandscapeRight";
				LD_RUNPATH_SEARCH_PATHS = (
					"$(inherited)",
					"@executable_path/Frameworks",
				);
				MARKETING_VERSION = 1.0;
				PRODUCT_BUNDLE_IDENTIFIER = com.ocean.TrialrApp;
				PRODUCT_NAME = "$(TARGET_NAME)";
				SWIFT_EMIT_LOC_STRINGS = YES;
				SWIFT_VERSION = 5.0;
				TARGETED_DEVICE_FAMILY = "1,2";
			};
			name = Release;
		};
/* End XCBuildConfiguration section */

/* Begin XCConfigurationList section */
		543A3C49299ECD22000CFAF6 /* Build configuration list for PBXProject "TrialrApp" */ = {
			isa = XCConfigurationList;
			buildConfigurations = (
				543A3C5A299ECD23000CFAF6 /* Debug */,
				543A3C5B299ECD23000CFAF6 /* Release */,
			);
			defaultConfigurationIsVisible = 0;
			defaultConfigurationName = Release;
		};
		543A3C5C299ECD23000CFAF6 /* Build configuration list for PBXNativeTarget "TrialrApp" */ = {
			isa = XCConfigurationList;
			buildConfigurations = (
				543A3C5D299ECD23000CFAF6 /* Debug */,
				543A3C5E299ECD23000CFAF6 /* Release */,
			);
			defaultConfigurationIsVisible = 0;
			defaultConfigurationName = Release;
		};
/* End XCConfigurationList section */
	};
	rootObject = 543A3C46299ECD22000CFAF6 /* Project object */;
}
